
Microsoft Visual Studio Solution File, Format Version 12.00
# Visual Studio Version 17
VisualStudioVersion = 17.1.32328.378
MinimumVisualStudioVersion = 10.0.40219.1
Project("{FAE04EC0-301F-11D3-BF4B-00C04F79EFBC}") = "El_Proyecto", "El_Proyecto\El_Proyecto.csproj", "{307ECB43-1CD8-4A0F-8122-7405AD04442D}"
EndProject
Project("{FAE04EC0-301F-11D3-BF4B-00C04F79EFBC}") = "Capas.NetFramwork.ADO.Net", "Capas.NetFramwork.ADO.Net\Capas.NetFramwork.ADO.Net.csproj", "{3FB3ECAB-DEF6-4656-8E19-D70CD16AA1F4}"
EndProject
Global
	GlobalSection(SolutionConfigurationPlatforms) = preSolution
		Debug|Any CPU = Debug|Any CPU
		Release|Any CPU = Release|Any CPU
	EndGlobalSection
	GlobalSection(ProjectConfigurationPlatforms) = postSolution
		{307ECB43-1CD8-4A0F-8122-7405AD04442D}.Debug|Any CPU.ActiveCfg = Debug|Any CPU
		{307ECB43-1CD8-4A0F-8122-7405AD04442D}.Debug|Any CPU.Build.0 = Debug|Any CPU
		{307ECB43-1CD8-4A0F-8122-7405AD04442D}.Release|Any CPU.ActiveCfg = Release|Any CPU
		{307ECB43-1CD8-4A0F-8122-7405AD04442D}.Release|Any CPU.Build.0 = Release|Any CPU
		{3FB3ECAB-DEF6-4656-8E19-D70CD16AA1F4}.Debug|Any CPU.ActiveCfg = Debug|Any CPU
		{3FB3ECAB-DEF6-4656-8E19-D70CD16AA1F4}.Debug|Any CPU.Build.0 = Debug|Any CPU
		{3FB3ECAB-DEF6-4656-8E19-D70CD16AA1F4}.Release|Any CPU.ActiveCfg = Release|Any CPU
		{3FB3ECAB-DEF6-4656-8E19-D70CD16AA1F4}.Release|Any CPU.Build.0 = Release|Any CPU
	EndGlobalSection
	GlobalSection(SolutionProperties) = preSolution
		HideSolutionNode = FALSE
	EndGlobalSection
	GlobalSection(ExtensibilityGlobals) = postSolution
		SolutionGuid = {455EAA15-3099-4FA9-83CA-7DC6FECABD51}
	EndGlobalSection
EndGlobal
